
Microsoft Visual Studio Solution File, Format Version 12.00
# Visual Studio Version 17
VisualStudioVersion = 17.7.34221.43
MinimumVisualStudioVersion = 10.0.40219.1
Project("{8BC9CEB8-8B4A-11D0-8D11-00A0C91BC942}") = "DosShell", "DosShell\DosShell.vcxproj", "{47879182-9FFB-44B9-A10C-5FD2CCE0F45E}"
EndProject
Global
	GlobalSection(SolutionConfigurationPlatforms) = preSolution
		Debug|x64 = Debug|x64
		Debug|x86 = Debug|x86
		Release|x64 = Release|x64
		Release|x86 = Release|x86
	EndGlobalSection
	GlobalSection(ProjectConfigurationPlatforms) = postSolution
		{47879182-9FFB-44B9-A10C-5FD2CCE0F45E}.Debug|x64.ActiveCfg = Debug|x64
		{47879182-9FFB-44B9-A10C-5FD2CCE0F45E}.Debug|x64.Build.0 = Debug|x64
		{47879182-9FFB-44B9-A10C-5FD2CCE0F45E}.Debug|x86.ActiveCfg = Debug|Win32
		{47879182-9FFB-44B9-A10C-5FD2CCE0F45E}.Debug|x86.Build.0 = Debug|Win32
		{47879182-9FFB-44B9-A10C-5FD2CCE0F45E}.Release|x64.ActiveCfg = Release|x64
		{47879182-9FFB-44B9-A10C-5FD2CCE0F45E}.Release|x64.Build.0 = Release|x64
		{47879182-9FFB-44B9-A10C-5FD2CCE0F45E}.Release|x86.ActiveCfg = Release|Win32
		{47879182-9FFB-44B9-A10C-5FD2CCE0F45E}.Release|x86.Build.0 = Release|Win32
	EndGlobalSection
	GlobalSection(SolutionProperties) = preSolution
		HideSolutionNode = FALSE
	EndGlobalSection
	GlobalSection(ExtensibilityGlobals) = postSolution
		SolutionGuid = {D93BB1CC-5D4A-482D-BB43-BE25A98E6963}
	EndGlobalSection
EndGlobal
